Microsoft Visual Studio Solution File, Format Version 12.00
# Visual Studio Version 17
VisualStudioVersion = 17.5.2.0
MinimumVisualStudioVersion = 10.0.40219.1
Project("{FAE04EC0-301F-11D3-BF4B-00C04F79EFBC}") = "WWM_ASP", "WWM_ASP.csproj", "{7682EDE4-224D-AF7B-08B9-C91F7992D293}"
EndProject
Global
	GlobalSection(SolutionConfigurationPlatforms) = preSolution
		Debug|Any CPU = Debug|Any CPU
		Release|Any CPU = Release|Any CPU
	EndGlobalSection
	GlobalSection(ProjectConfigurationPlatforms) = postSolution
		{7682EDE4-224D-AF7B-08B9-C91F7992D293}.Debug|Any CPU.ActiveCfg = Debug|Any CPU
		{7682EDE4-224D-AF7B-08B9-C91F7992D293}.Debug|Any CPU.Build.0 = Debug|Any CPU
		{7682EDE4-224D-AF7B-08B9-C91F7992D293}.Release|Any CPU.ActiveCfg = Release|Any CPU
		{7682EDE4-224D-AF7B-08B9-C91F7992D293}.Release|Any CPU.Build.0 = Release|Any CPU
	EndGlobalSection
	GlobalSection(SolutionProperties) = preSolution
		HideSolutionNode = FALSE
	EndGlobalSection
	GlobalSection(ExtensibilityGlobals) = postSolution
		SolutionGuid = {5D79CD28-C857-4F31-ABEA-A9F7585E9332}
	EndGlobalSection
EndGlobal
